
Microsoft Visual Studio Solution File, Format Version 11.00
# Visual Studio 2010
Project("{F184B08F-C81C-45F6-A57F-5ABD9991F28F}") = "Project Sistem Tata Kelola Ruangan", "Project Sistem Tata Kelola Ruangan\Project Sistem Tata Kelola Ruangan.vbproj", "{6264ACB3-955A-43A7-B265-09E0815F843C}"
EndProject
Global
	GlobalSection(SolutionConfigurationPlatforms) = preSolution
		Debug|x86 = Debug|x86
		Release|x86 = Release|x86
	EndGlobalSection
	GlobalSection(ProjectConfigurationPlatforms) = postSolution
		{6264ACB3-955A-43A7-B265-09E0815F843C}.Debug|x86.ActiveCfg = Debug|x86
		{6264ACB3-955A-43A7-B265-09E0815F843C}.Debug|x86.Build.0 = Debug|x86
		{6264ACB3-955A-43A7-B265-09E0815F843C}.Release|x86.ActiveCfg = Release|x86
		{6264ACB3-955A-43A7-B265-09E0815F843C}.Release|x86.Build.0 = Release|x86
	EndGlobalSection
	GlobalSection(SolutionProperties) = preSolution
		HideSolutionNode = FALSE
	EndGlobalSection
EndGlobal
